
Microsoft Visual Studio Solution File, Format Version 12.00
# Visual Studio Version 16
VisualStudioVersion = 16.0.30114.105
MinimumVisualStudioVersion = 10.0.40219.1
Project("{FAE04EC0-301F-11D3-BF4B-00C04F79EFBC}") = "DotNetCoreDemo.API", "DotNetCoreDemo\DotNetCoreDemo.API.csproj", "{07570440-8521-4B3B-89D1-3C4B9E4FFE1C}"
EndProject
Project("{FAE04EC0-301F-11D3-BF4B-00C04F79EFBC}") = "DotNetcoreDemo.Core", "DotNetcoreDemo.Core\DotNetcoreDemo.Core.csproj", "{AA1BDB7B-18B5-4C6F-BC13-48659A59CA4D}"
EndProject
Global
	GlobalSection(SolutionConfigurationPlatforms) = preSolution
		Debug|Any CPU = Debug|Any CPU
		Release|Any CPU = Release|Any CPU
	EndGlobalSection
	GlobalSection(ProjectConfigurationPlatforms) = postSolution
		{07570440-8521-4B3B-89D1-3C4B9E4FFE1C}.Debug|Any CPU.ActiveCfg = Debug|Any CPU
		{07570440-8521-4B3B-89D1-3C4B9E4FFE1C}.Debug|Any CPU.Build.0 = Debug|Any CPU
		{07570440-8521-4B3B-89D1-3C4B9E4FFE1C}.Release|Any CPU.ActiveCfg = Release|Any CPU
		{07570440-8521-4B3B-89D1-3C4B9E4FFE1C}.Release|Any CPU.Build.0 = Release|Any CPU
		{AA1BDB7B-18B5-4C6F-BC13-48659A59CA4D}.Debug|Any CPU.ActiveCfg = Debug|Any CPU
		{AA1BDB7B-18B5-4C6F-BC13-48659A59CA4D}.Debug|Any CPU.Build.0 = Debug|Any CPU
		{AA1BDB7B-18B5-4C6F-BC13-48659A59CA4D}.Release|Any CPU.ActiveCfg = Release|Any CPU
		{AA1BDB7B-18B5-4C6F-BC13-48659A59CA4D}.Release|Any CPU.Build.0 = Release|Any CPU
	EndGlobalSection
	GlobalSection(SolutionProperties) = preSolution
		HideSolutionNode = FALSE
	EndGlobalSection
	GlobalSection(ExtensibilityGlobals) = postSolution
		SolutionGuid = {3A65EB44-9C63-403D-BCD8-4923E8B618F9}
	EndGlobalSection
EndGlobal
